{
  "name": "companion-app",
  "version": "0.1.0",
  "lockfileVersion": 1,
  "requires": true,
  "dependencies": {
    "object-path": {
      "version": "0.11.5",
      "resolved": "https://registry.npmjs.org/object-path/-/object-path-0.11.5.tgz",
      "integrity": "sha512-jgSbThcoR/s+XumvGMTMf81QVBmah+/Q7K7YduKeKVWL7N111unR2d6pZZarSk6kY/caeNxUDyxOvMWyzoU2eg=="
    }
  }
}
